
Microsoft Visual Studio Solution File, Format Version 12.00
# Visual Studio Version 17
VisualStudioVersion = 17.8.34330.188
MinimumVisualStudioVersion = 10.0.40219.1
Project("{FAE04EC0-301F-11D3-BF4B-00C04F79EFBC}") = "SCF_Homework_2.2", "SCF_Homework_2.2\SCF_Homework_2.2.csproj", "{2D252230-FDFA-48BC-9971-9E06FA2BB083}"
EndProject
Global
	GlobalSection(SolutionConfigurationPlatforms) = preSolution
		Debug|Any CPU = Debug|Any CPU
		Release|Any CPU = Release|Any CPU
	EndGlobalSection
	GlobalSection(ProjectConfigurationPlatforms) = postSolution
		{2D252230-FDFA-48BC-9971-9E06FA2BB083}.Debug|Any CPU.ActiveCfg = Debug|Any CPU
		{2D252230-FDFA-48BC-9971-9E06FA2BB083}.Debug|Any CPU.Build.0 = Debug|Any CPU
		{2D252230-FDFA-48BC-9971-9E06FA2BB083}.Release|Any CPU.ActiveCfg = Release|Any CPU
		{2D252230-FDFA-48BC-9971-9E06FA2BB083}.Release|Any CPU.Build.0 = Release|Any CPU
	EndGlobalSection
	GlobalSection(SolutionProperties) = preSolution
		HideSolutionNode = FALSE
	EndGlobalSection
	GlobalSection(ExtensibilityGlobals) = postSolution
		SolutionGuid = {806E82DC-4C9E-444B-8AB9-D7918D343C3F}
	EndGlobalSection
EndGlobal
