
Microsoft Visual Studio Solution File, Format Version 12.00
# Visual Studio Version 17
VisualStudioVersion = 17.8.34330.188
MinimumVisualStudioVersion = 10.0.40219.1
Project("{FAE04EC0-301F-11D3-BF4B-00C04F79EFBC}") = "SCF_Homework_5.1", "SCF_Homework_5.1\SCF_Homework_5.1.csproj", "{84DD22CC-5C75-4B52-BFBB-3D69313DB881}"
EndProject
Global
	GlobalSection(SolutionConfigurationPlatforms) = preSolution
		Debug|Any CPU = Debug|Any CPU
		Release|Any CPU = Release|Any CPU
	EndGlobalSection
	GlobalSection(ProjectConfigurationPlatforms) = postSolution
		{84DD22CC-5C75-4B52-BFBB-3D69313DB881}.Debug|Any CPU.ActiveCfg = Debug|Any CPU
		{84DD22CC-5C75-4B52-BFBB-3D69313DB881}.Debug|Any CPU.Build.0 = Debug|Any CPU
		{84DD22CC-5C75-4B52-BFBB-3D69313DB881}.Release|Any CPU.ActiveCfg = Release|Any CPU
		{84DD22CC-5C75-4B52-BFBB-3D69313DB881}.Release|Any CPU.Build.0 = Release|Any CPU
	EndGlobalSection
	GlobalSection(SolutionProperties) = preSolution
		HideSolutionNode = FALSE
	EndGlobalSection
	GlobalSection(ExtensibilityGlobals) = postSolution
		SolutionGuid = {18BEF2F4-CF55-4486-B1FA-477FA857AA3A}
	EndGlobalSection
EndGlobal
